// !$*UTF8*$!
{
	archiveVersion = 1;
	classes = {
	};
	objectVersion = 56;
	objects = {

/* Begin PBXBuildFile section */
		5AA5EB462B592F8200E43EDF /* PlayerGathering_ggApp.swift in Sources */ = {isa = PBXBuildFile; fileRef = 5AA5EB452B592F8200E43EDF /* PlayerGathering_ggApp.swift */; };
		5AA5EB482B592F8200E43EDF /* ProfileView.swift in Sources */ = {isa = PBXBuildFile; fileRef = 5AA5EB472B592F8200E43EDF /* ProfileView.swift */; };
		5AA5EB4A2B592F8300E43EDF /* Assets.xcassets in Resources */ = {isa = PBXBuildFile; fileRef = 5AA5EB492B592F8300E43EDF /* Assets.xcassets */; };
		5AA5EB4D2B592F8300E43EDF /* Preview Assets.xcassets in Resources */ = {isa = PBXBuildFile; fileRef = 5AA5EB4C2B592F8300E43EDF /* Preview Assets.xcassets */; };
		5AA5EB572B59392D00E43EDF /* Match.swift in Sources */ = {isa = PBXBuildFile; fileRef = 5AA5EB562B59392D00E43EDF /* Match.swift */; };
		5AA5EB5D2B59599100E43EDF /* LastMatchesModel.swift in Sources */ = {isa = PBXBuildFile; fileRef = 5AA5EB5C2B59599100E43EDF /* LastMatchesModel.swift */; };
		5AA5EB612B596AF700E43EDF /* MatchModel.swift in Sources */ = {isa = PBXBuildFile; fileRef = 5AA5EB602B596AF700E43EDF /* MatchModel.swift */; };
		5AAB9BF52B5AB0DB004BFE75 /* MainMenu.swift in Sources */ = {isa = PBXBuildFile; fileRef = 5AAB9BF42B5AB0DB004BFE75 /* MainMenu.swift */; };
		5AAB9BF72B5AB3F8004BFE75 /* Player.swift in Sources */ = {isa = PBXBuildFile; fileRef = 5AAB9BF62B5AB3F8004BFE75 /* Player.swift */; };
		5AAB9BF92B5AB44B004BFE75 /* PlayerModel.swift in Sources */ = {isa = PBXBuildFile; fileRef = 5AAB9BF82B5AB44B004BFE75 /* PlayerModel.swift */; };
		5AABA40E2B7281F100413568 /* Runes.swift in Sources */ = {isa = PBXBuildFile; fileRef = 5AABA40D2B7281F100413568 /* Runes.swift */; };
		5AABA4102B7281F900413568 /* SummonerSpell.swift in Sources */ = {isa = PBXBuildFile; fileRef = 5AABA40F2B7281F900413568 /* SummonerSpell.swift */; };
		5AABA4122B7281FF00413568 /* RunesModel.swift in Sources */ = {isa = PBXBuildFile; fileRef = 5AABA4112B7281FF00413568 /* RunesModel.swift */; };
/* End PBXBuildFile section */

/* Begin PBXFileReference section */
		5AA5EB422B592F8200E43EDF /* PlayerGathering.gg.app */ = {isa = PBXFileReference; explicitFileType = wrapper.application; includeInIndex = 0; path = PlayerGathering.gg.app; sourceTree = BUILT_PRODUCTS_DIR; };
		5AA5EB452B592F8200E43EDF /* PlayerGathering_ggApp.swift */ = {isa = PBXFileReference; lastKnownFileType = sourcecode.swift; path = PlayerGathering_ggApp.swift; sourceTree = "<group>"; };
		5AA5EB472B592F8200E43EDF /* ProfileView.swift */ = {isa = PBXFileReference; lastKnownFileType = sourcecode.swift; path = ProfileView.swift; sourceTree = "<group>"; };
		5AA5EB492B592F8300E43EDF /* Assets.xcassets */ = {isa = PBXFileReference; lastKnownFileType = folder.assetcatalog; path = Assets.xcassets; sourceTree = "<group>"; };
		5AA5EB4C2B592F8300E43EDF /* Preview Assets.xcassets */ = {isa = PBXFileReference; lastKnownFileType = folder.assetcatalog; path = "Preview Assets.xcassets"; sourceTree = "<group>"; };
		5AA5EB562B59392D00E43EDF /* Match.swift */ = {isa = PBXFileReference; lastKnownFileType = sourcecode.swift; path = Match.swift; sourceTree = "<group>"; };
		5AA5EB5C2B59599100E43EDF /* LastMatchesModel.swift */ = {isa = PBXFileReference; lastKnownFileType = sourcecode.swift; path = LastMatchesModel.swift; sourceTree = "<group>"; };
		5AA5EB602B596AF700E43EDF /* MatchModel.swift */ = {isa = PBXFileReference; lastKnownFileType = sourcecode.swift; path = MatchModel.swift; sourceTree = "<group>"; };
		5AAB9BF42B5AB0DB004BFE75 /* MainMenu.swift */ = {isa = PBXFileReference; lastKnownFileType = sourcecode.swift; path = MainMenu.swift; sourceTree = "<group>"; };
		5AAB9BF62B5AB3F8004BFE75 /* Player.swift */ = {isa = PBXFileReference; lastKnownFileType = sourcecode.swift; path = Player.swift; sourceTree = "<group>"; };
		5AAB9BF82B5AB44B004BFE75 /* PlayerModel.swift */ = {isa = PBXFileReference; lastKnownFileType = sourcecode.swift; path = PlayerModel.swift; sourceTree = "<group>"; };
		5AABA40D2B7281F100413568 /* Runes.swift */ = {isa = PBXFileReference; fileEncoding = 4; lastKnownFileType = sourcecode.swift; name = Runes.swift; path = ../../../../Downloads/Runes.swift; sourceTree = "<group>"; };
		5AABA40F2B7281F900413568 /* SummonerSpell.swift */ = {isa = PBXFileReference; fileEncoding = 4; lastKnownFileType = sourcecode.swift; name = SummonerSpell.swift; path = ../../../../Downloads/SummonerSpell.swift; sourceTree = "<group>"; };
		5AABA4112B7281FF00413568 /* RunesModel.swift */ = {isa = PBXFileReference; fileEncoding = 4; lastKnownFileType = sourcecode.swift; name = RunesModel.swift; path = ../../../../Downloads/RunesModel.swift; sourceTree = "<group>"; };
/* End PBXFileReference section */

/* Begin PBXFrameworksBuildPhase section */
		5AA5EB3F2B592F8200E43EDF /* Frameworks */ = {
			isa = PBXFrameworksBuildPhase;
			buildActionMask = 2147483647;
			files = (
			);
			runOnlyForDeploymentPostprocessing = 0;
		};
/* End PBXFrameworksBuildPhase section */

/* Begin PBXGroup section */
		5AA5EB392B592F8200E43EDF = {
			isa = PBXGroup;
			children = (
				5AA5EB442B592F8200E43EDF /* PlayerGathering.gg */,
				5AA5EB432B592F8200E43EDF /* Products */,
			);
			sourceTree = "<group>";
		};
		5AA5EB432B592F8200E43EDF /* Products */ = {
			isa = PBXGroup;
			children = (
				5AA5EB422B592F8200E43EDF /* PlayerGathering.gg.app */,
			);
			name = Products;
			sourceTree = "<group>";
		};
		5AA5EB442B592F8200E43EDF /* PlayerGathering.gg */ = {
			isa = PBXGroup;
			children = (
				5AA5EB552B592FAB00E43EDF /* View */,
				5AA5EB542B592F9600E43EDF /* Model */,
				5AA5EB532B592F9000E43EDF /* Data */,
				5AA5EB452B592F8200E43EDF /* PlayerGathering_ggApp.swift */,
				5AA5EB492B592F8300E43EDF /* Assets.xcassets */,
				5AA5EB4B2B592F8300E43EDF /* Preview Content */,
			);
			path = PlayerGathering.gg;
			sourceTree = "<group>";
		};
		5AA5EB4B2B592F8300E43EDF /* Preview Content */ = {
			isa = PBXGroup;
			children = (
				5AA5EB4C2B592F8300E43EDF /* Preview Assets.xcassets */,
			);
			path = "Preview Content";
			sourceTree = "<group>";
		};
		5AA5EB532B592F9000E43EDF /* Data */ = {
			isa = PBXGroup;
			children = (
				5AABA40F2B7281F900413568 /* SummonerSpell.swift */,
				5AABA40D2B7281F100413568 /* Runes.swift */,
				5AA5EB562B59392D00E43EDF /* Match.swift */,
				5AAB9BF62B5AB3F8004BFE75 /* Player.swift */,
			);
			path = Data;
			sourceTree = "<group>";
		};
		5AA5EB542B592F9600E43EDF /* Model */ = {
			isa = PBXGroup;
			children = (
				5AABA4112B7281FF00413568 /* RunesModel.swift */,
				5AA5EB5C2B59599100E43EDF /* LastMatchesModel.swift */,
				5AAB9BF82B5AB44B004BFE75 /* PlayerModel.swift */,
				5AA5EB602B596AF700E43EDF /* MatchModel.swift */,
			);
			path = Model;
			sourceTree = "<group>";
		};
		5AA5EB552B592FAB00E43EDF /* View */ = {
			isa = PBXGroup;
			children = (
				5AA5EB472B592F8200E43EDF /* ProfileView.swift */,
				5AAB9BF42B5AB0DB004BFE75 /* MainMenu.swift */,
			);
			path = View;
			sourceTree = "<group>";
		};
/* End PBXGroup section */

/* Begin PBXNativeTarget section */
		5AA5EB412B592F8200E43EDF /* PlayerGathering.gg */ = {
			isa = PBXNativeTarget;
			buildConfigurationList = 5AA5EB502B592F8300E43EDF /* Build configuration list for PBXNativeTarget "PlayerGathering.gg" */;
			buildPhases = (
				5AA5EB3E2B592F8200E43EDF /* Sources */,
				5AA5EB3F2B592F8200E43EDF /* Frameworks */,
				5AA5EB402B592F8200E43EDF /* Resources */,
			);
			buildRules = (
			);
			dependencies = (
			);
			name = PlayerGathering.gg;
			productName = PlayerGathering.gg;
			productReference = 5AA5EB422B592F8200E43EDF /* PlayerGathering.gg.app */;
			productType = "com.apple.product-type.application";
		};
/* End PBXNativeTarget section */

/* Begin PBXProject section */
		5AA5EB3A2B592F8200E43EDF /* Project object */ = {
			isa = PBXProject;
			attributes = {
				BuildIndependentTargetsInParallel = 1;
				LastSwiftUpdateCheck = 1500;
				LastUpgradeCheck = 1500;
				TargetAttributes = {
					5AA5EB412B592F8200E43EDF = {
						CreatedOnToolsVersion = 15.0;
					};
				};
			};
			buildConfigurationList = 5AA5EB3D2B592F8200E43EDF /* Build configuration list for PBXProject "PlayerGathering.gg" */;
			compatibilityVersion = "Xcode 14.0";
			developmentRegion = en;
			hasScannedForEncodings = 0;
			knownRegions = (
				en,
				Base,
			);
			mainGroup = 5AA5EB392B592F8200E43EDF;
			productRefGroup = 5AA5EB432B592F8200E43EDF /* Products */;
			projectDirPath = "";
			projectRoot = "";
			targets = (
				5AA5EB412B592F8200E43EDF /* PlayerGathering.gg */,
			);
		};
/* End PBXProject section */

/* Begin PBXResourcesBuildPhase section */
		5AA5EB402B592F8200E43EDF /* Resources */ = {
			isa = PBXResourcesBuildPhase;
			buildActionMask = 2147483647;
			files = (
				5AA5EB4D2B592F8300E43EDF /* Preview Assets.xcassets in Resources */,
				5AA5EB4A2B592F8300E43EDF /* Assets.xcassets in Resources */,
			);
			runOnlyForDeploymentPostprocessing = 0;
		};
/* End PBXResourcesBuildPhase section */

/* Begin PBXSourcesBuildPhase section */
		5AA5EB3E2B592F8200E43EDF /* Sources */ = {
			isa = PBXSourcesBuildPhase;
			buildActionMask = 2147483647;
			files = (
				5AA5EB482B592F8200E43EDF /* ProfileView.swift in Sources */,
				5AAB9BF52B5AB0DB004BFE75 /* MainMenu.swift in Sources */,
				5AABA4102B7281F900413568 /* SummonerSpell.swift in Sources */,
				5AAB9BF92B5AB44B004BFE75 /* PlayerModel.swift in Sources */,
				5AABA4122B7281FF00413568 /* RunesModel.swift in Sources */,
				5AA5EB612B596AF700E43EDF /* MatchModel.swift in Sources */,
				5AA5EB572B59392D00E43EDF /* Match.swift in Sources */,
				5AAB9BF72B5AB3F8004BFE75 /* Player.swift in Sources */,
				5AABA40E2B7281F100413568 /* Runes.swift in Sources */,
				5AA5EB5D2B59599100E43EDF /* LastMatchesModel.swift in Sources */,
				5AA5EB462B592F8200E43EDF /* PlayerGathering_ggApp.swift in Sources */,
			);
			runOnlyForDeploymentPostprocessing = 0;
		};
/* End PBXSourcesBuildPhase section */

/* Begin XCBuildConfiguration section */
		5AA5EB4E2B592F8300E43EDF /* Debug */ = {
			isa = XCBuildConfiguration;
			buildSettings = {
				ALWAYS_SEARCH_USER_PATHS = NO;
				ASSETCATALOG_COMPILER_GENERATE_SWIFT_ASSET_SYMBOL_EXTENSIONS = YES;
				CLANG_ANALYZER_NONNULL = YES;
				CLANG_ANALYZER_NUMBER_OBJECT_CONVERSION = YES_AGGRESSIVE;
				CLANG_CXX_LANGUAGE_STANDARD = "gnu++20";
				CLANG_ENABLE_MODULES = YES;
				CLANG_ENABLE_OBJC_ARC = YES;
				CLANG_ENABLE_OBJC_WEAK = YES;
				CLANG_WARN_BLOCK_CAPTURE_AUTORELEASING = YES;
				CLANG_WARN_BOOL_CONVERSION = YES;
				CLANG_WARN_COMMA = YES;
				CLANG_WARN_CONSTANT_CONVERSION = YES;
				CLANG_WARN_DEPRECATED_OBJC_IMPLEMENTATIONS = YES;
				CLANG_WARN_DIRECT_OBJC_ISA_USAGE = YES_ERROR;
				CLANG_WARN_DOCUMENTATION_COMMENTS = YES;
				CLANG_WARN_EMPTY_BODY = YES;
				CLANG_WARN_ENUM_CONVERSION = YES;
				CLANG_WARN_INFINITE_RECURSION = YES;
				CLANG_WARN_INT_CONVERSION = YES;
				CLANG_WARN_NON_LITERAL_NULL_CONVERSION = YES;
				CLANG_WARN_OBJC_IMPLICIT_RETAIN_SELF = YES;
				CLANG_WARN_OBJC_LITERAL_CONVERSION = YES;
				CLANG_WARN_OBJC_ROOT_CLASS = YES_ERROR;
				CLANG_WARN_QUOTED_INCLUDE_IN_FRAMEWORK_HEADER = YES;
				CLANG_WARN_RANGE_LOOP_ANALYSIS = YES;
				CLANG_WARN_STRICT_PROTOTYPES = YES;
				CLANG_WARN_SUSPICIOUS_MOVE = YES;
				CLANG_WARN_UNGUARDED_AVAILABILITY = YES_AGGRESSIVE;
				CLANG_WARN_UNREACHABLE_CODE = YES;
				CLANG_WARN__DUPLICATE_METHOD_MATCH = YES;
				COPY_PHASE_STRIP = NO;
				DEBUG_INFORMATION_FORMAT = dwarf;
				ENABLE_STRICT_OBJC_MSGSEND = YES;
				ENABLE_TESTABILITY = YES;
				ENABLE_USER_SCRIPT_SANDBOXING = YES;
				GCC_C_LANGUAGE_STANDARD = gnu17;
				GCC_DYNAMIC_NO_PIC = NO;
				GCC_NO_COMMON_BLOCKS = YES;
				GCC_OPTIMIZATION_LEVEL = 0;
				GCC_PREPROCESSOR_DEFINITIONS = (
					"DEBUG=1",
					"$(inherited)",
				);
				GCC_WARN_64_TO_32_BIT_CONVERSION = YES;
				GCC_WARN_ABOUT_RETURN_TYPE = YES_ERROR;
				GCC_WARN_UNDECLARED_SELECTOR = YES;
				GCC_WARN_UNINITIALIZED_AUTOS = YES_AGGRESSIVE;
				GCC_WARN_UNUSED_FUNCTION = YES;
				GCC_WARN_UNUSED_VARIABLE = YES;
				IPHONEOS_DEPLOYMENT_TARGET = 17.0;
				LOCALIZATION_PREFERS_STRING_CATALOGS = YES;
				MTL_ENABLE_DEBUG_INFO = INCLUDE_SOURCE;
				MTL_FAST_MATH = YES;
				ONLY_ACTIVE_ARCH = YES;
				SDKROOT = iphoneos;
				SWIFT_ACTIVE_COMPILATION_CONDITIONS = "DEBUG $(inherited)";
				SWIFT_OPTIMIZATION_LEVEL = "-Onone";
			};
			name = Debug;
		};
		5AA5EB4F2B592F8300E43EDF /* Release */ = {
			isa = XCBuildConfiguration;
			buildSettings = {
				ALWAYS_SEARCH_USER_PATHS = NO;
				ASSETCATALOG_COMPILER_GENERATE_SWIFT_ASSET_SYMBOL_EXTENSIONS = YES;
				CLANG_ANALYZER_NONNULL = YES;
				CLANG_ANALYZER_NUMBER_OBJECT_CONVERSION = YES_AGGRESSIVE;
				CLANG_CXX_LANGUAGE_STANDARD = "gnu++20";
				CLANG_ENABLE_MODULES = YES;
				CLANG_ENABLE_OBJC_ARC = YES;
				CLANG_ENABLE_OBJC_WEAK = YES;
				CLANG_WARN_BLOCK_CAPTURE_AUTORELEASING = YES;
				CLANG_WARN_BOOL_CONVERSION = YES;
				CLANG_WARN_COMMA = YES;
				CLANG_WARN_CONSTANT_CONVERSION = YES;
				CLANG_WARN_DEPRECATED_OBJC_IMPLEMENTATIONS = YES;
				CLANG_WARN_DIRECT_OBJC_ISA_USAGE = YES_ERROR;
				CLANG_WARN_DOCUMENTATION_COMMENTS = YES;
				CLANG_WARN_EMPTY_BODY = YES;
				CLANG_WARN_ENUM_CONVERSION = YES;
				CLANG_WARN_INFINITE_RECURSION = YES;
				CLANG_WARN_INT_CONVERSION = YES;
				CLANG_WARN_NON_LITERAL_NULL_CONVERSION = YES;
				CLANG_WARN_OBJC_IMPLICIT_RETAIN_SELF = YES;
				CLANG_WARN_OBJC_LITERAL_CONVERSION = YES;
				CLANG_WARN_OBJC_ROOT_CLASS = YES_ERROR;
				CLANG_WARN_QUOTED_INCLUDE_IN_FRAMEWORK_HEADER = YES;
				CLANG_WARN_RANGE_LOOP_ANALYSIS = YES;
				CLANG_WARN_STRICT_PROTOTYPES = YES;
				CLANG_WARN_SUSPICIOUS_MOVE = YES;
				CLANG_WARN_UNGUARDED_AVAILABILITY = YES_AGGRESSIVE;
				CLANG_WARN_UNREACHABLE_CODE = YES;
				CLANG_WARN__DUPLICATE_METHOD_MATCH = YES;
				COPY_PHASE_STRIP = NO;
				DEBUG_INFORMATION_FORMAT = "dwarf-with-dsym";
				ENABLE_NS_ASSERTIONS = NO;
				ENABLE_STRICT_OBJC_MSGSEND = YES;
				ENABLE_USER_SCRIPT_SANDBOXING = YES;
				GCC_C_LANGUAGE_STANDARD = gnu17;
				GCC_NO_COMMON_BLOCKS = YES;
				GCC_WARN_64_TO_32_BIT_CONVERSION = YES;
				GCC_WARN_ABOUT_RETURN_TYPE = YES_ERROR;
				GCC_WARN_UNDECLARED_SELECTOR = YES;
				GCC_WARN_UNINITIALIZED_AUTOS = YES_AGGRESSIVE;
				GCC_WARN_UNUSED_FUNCTION = YES;
				GCC_WARN_UNUSED_VARIABLE = YES;
				IPHONEOS_DEPLOYMENT_TARGET = 17.0;
				LOCALIZATION_PREFERS_STRING_CATALOGS = YES;
				MTL_ENABLE_DEBUG_INFO = NO;
				MTL_FAST_MATH = YES;
				SDKROOT = iphoneos;
				SWIFT_COMPILATION_MODE = wholemodule;
				VALIDATE_PRODUCT = YES;
			};
			name = Release;
		};
		5AA5EB512B592F8300E43EDF /* Debug */ = {
			isa = XCBuildConfiguration;
			buildSettings = {
				ASSETCATALOG_COMPILER_APPICON_NAME = AppIcon;
				ASSETCATALOG_COMPILER_GLOBAL_ACCENT_COLOR_NAME = AccentColor;
				CODE_SIGN_STYLE = Automatic;
				CURRENT_PROJECT_VERSION = 1;
				DEVELOPMENT_ASSET_PATHS = "\"PlayerGathering.gg/Preview Content\"";
				DEVELOPMENT_TEAM = 93DWJ59472;
				ENABLE_PREVIEWS = YES;
				GENERATE_INFOPLIST_FILE = YES;
				INFOPLIST_KEY_UIApplicationSceneManifest_Generation = YES;
				INFOPLIST_KEY_UIApplicationSupportsIndirectInputEvents = YES;
				INFOPLIST_KEY_UILaunchScreen_Generation = YES;
				INFOPLIST_KEY_UISupportedInterfaceOrientations_iPad = "UIInterfaceOrientationPortrait UIInterfaceOrientationPortraitUpsideDown UIInterfaceOrientationLandscapeLeft UIInterfaceOrientationLandscapeRight";
				INFOPLIST_KEY_UISupportedInterfaceOrientations_iPhone = "UIInterfaceOrientationPortrait UIInterfaceOrientationLandscapeLeft UIInterfaceOrientationLandscapeRight";
				LD_RUNPATH_SEARCH_PATHS = (
					"$(inherited)",
					"@executable_path/Frameworks",
				);
				MARKETING_VERSION = 1.0;
				PRODUCT_BUNDLE_IDENTIFIER = "akarin.PlayerGathering-gg";
				PRODUCT_NAME = "$(TARGET_NAME)";
				SWIFT_EMIT_LOC_STRINGS = YES;
				SWIFT_VERSION = 5.0;
				TARGETED_DEVICE_FAMILY = "1,2";
			};
			name = Debug;
		};
		5AA5EB522B592F8300E43EDF /* Release */ = {
			isa = XCBuildConfiguration;
			buildSettings = {
				ASSETCATALOG_COMPILER_APPICON_NAME = AppIcon;
				ASSETCATALOG_COMPILER_GLOBAL_ACCENT_COLOR_NAME = AccentColor;
				CODE_SIGN_STYLE = Automatic;
				CURRENT_PROJECT_VERSION = 1;
				DEVELOPMENT_ASSET_PATHS = "\"PlayerGathering.gg/Preview Content\"";
				DEVELOPMENT_TEAM = 93DWJ59472;
				ENABLE_PREVIEWS = YES;
				GENERATE_INFOPLIST_FILE = YES;
				INFOPLIST_KEY_UIApplicationSceneManifest_Generation = YES;
				INFOPLIST_KEY_UIApplicationSupportsIndirectInputEvents = YES;
				INFOPLIST_KEY_UILaunchScreen_Generation = YES;
				INFOPLIST_KEY_UISupportedInterfaceOrientations_iPad = "UIInterfaceOrientationPortrait UIInterfaceOrientationPortraitUpsideDown UIInterfaceOrientationLandscapeLeft UIInterfaceOrientationLandscapeRight";
				INFOPLIST_KEY_UISupportedInterfaceOrientations_iPhone = "UIInterfaceOrientationPortrait UIInterfaceOrientationLandscapeLeft UIInterfaceOrientationLandscapeRight";
				LD_RUNPATH_SEARCH_PATHS = (
					"$(inherited)",
					"@executable_path/Frameworks",
				);
				MARKETING_VERSION = 1.0;
				PRODUCT_BUNDLE_IDENTIFIER = "akarin.PlayerGathering-gg";
				PRODUCT_NAME = "$(TARGET_NAME)";
				SWIFT_EMIT_LOC_STRINGS = YES;
				SWIFT_VERSION = 5.0;
				TARGETED_DEVICE_FAMILY = "1,2";
			};
			name = Release;
		};
/* End XCBuildConfiguration section */

/* Begin XCConfigurationList section */
		5AA5EB3D2B592F8200E43EDF /* Build configuration list for PBXProject "PlayerGathering.gg" */ = {
			isa = XCConfigurationList;
			buildConfigurations = (
				5AA5EB4E2B592F8300E43EDF /* Debug */,
				5AA5EB4F2B592F8300E43EDF /* Release */,
			);
			defaultConfigurationIsVisible = 0;
			defaultConfigurationName = Release;
		};
		5AA5EB502B592F8300E43EDF /* Build configuration list for PBXNativeTarget "PlayerGathering.gg" */ = {
			isa = XCConfigurationList;
			buildConfigurations = (
				5AA5EB512B592F8300E43EDF /* Debug */,
				5AA5EB522B592F8300E43EDF /* Release */,
			);
			defaultConfigurationIsVisible = 0;
			defaultConfigurationName = Release;
		};
/* End XCConfigurationList section */
	};
	rootObject = 5AA5EB3A2B592F8200E43EDF /* Project object */;
}
